// !$*UTF8*$!
{
	archiveVersion = 1;
	classes = {
	};
	objectVersion = 50;
	objects = {

/* Begin PBXBuildFile section */
		326F861FA5A4BA7FEC267251 /* Pods_TesseractForCSVUITests.framework in Frameworks */ = {isa = PBXBuildFile; fileRef = BD504016E426A3D8D778C7DE /* Pods_TesseractForCSVUITests.framework */; };
		8311E407FC5AE4C07F00E8FF /* Pods_TesseractForCSV.framework in Frameworks */ = {isa = PBXBuildFile; fileRef = 2336137FDBAFD63CF7DD06ED /* Pods_TesseractForCSV.framework */; };
		875727F9FAA26E0DE1E03110 /* Pods_TesseractForCSVTests.framework in Frameworks */ = {isa = PBXBuildFile; fileRef = 192376D0E7C077FB5B72A7C5 /* Pods_TesseractForCSVTests.framework */; };
		C7026FFB20F179A5000D9E75 /* TextToCSVConverter.swift in Sources */ = {isa = PBXBuildFile; fileRef = C7026FFA20F179A5000D9E75 /* TextToCSVConverter.swift */; };
		C7A65F2C20EEFB6B00600261 /* AppDelegate.swift in Sources */ = {isa = PBXBuildFile; fileRef = C7A65F2B20EEFB6B00600261 /* AppDelegate.swift */; };
		C7A65F2E20EEFB6B00600261 /* CameraViewController.swift in Sources */ = {isa = PBXBuildFile; fileRef = C7A65F2D20EEFB6B00600261 /* CameraViewController.swift */; };
		C7A65F3120EEFB6B00600261 /* Main.storyboard in Resources */ = {isa = PBXBuildFile; fileRef = C7A65F2F20EEFB6B00600261 /* Main.storyboard */; };
		C7A65F3320EEFB6C00600261 /* Assets.xcassets in Resources */ = {isa = PBXBuildFile; fileRef = C7A65F3220EEFB6C00600261 /* Assets.xcassets */; };
		C7A65F3620EEFB6C00600261 /* LaunchScreen.storyboard in Resources */ = {isa = PBXBuildFile; fileRef = C7A65F3420EEFB6C00600261 /* LaunchScreen.storyboard */; };
		C7A65F4120EEFB6D00600261 /* TesseractForCSVTests.swift in Sources */ = {isa = PBXBuildFile; fileRef = C7A65F4020EEFB6D00600261 /* TesseractForCSVTests.swift */; };
		C7A65F4C20EEFB6D00600261 /* TesseractForCSVUITests.swift in Sources */ = {isa = PBXBuildFile; fileRef = C7A65F4B20EEFB6D00600261 /* TesseractForCSVUITests.swift */; };
		C7A65F5A20EEFF6900600261 /* CoreImage.framework in Frameworks */ = {isa = PBXBuildFile; fileRef = C7A65F5920EEFF6900600261 /* CoreImage.framework */; };
		C7A65F5C20EF2DB700600261 /* TesseractManager.swift in Sources */ = {isa = PBXBuildFile; fileRef = C7A65F5B20EF2DB700600261 /* TesseractManager.swift */; };
		C7A65F6020EF33EE00600261 /* TesseractOCR.framework in Frameworks */ = {isa = PBXBuildFile; fileRef = C7A65F5F20EF33EE00600261 /* TesseractOCR.framework */; };
		C7A65F6220EF37DE00600261 /* libstdc++.tbd in Frameworks */ = {isa = PBXBuildFile; fileRef = C7A65F6120EF37DE00600261 /* libstdc++.tbd */; };
		C7A65F6420EF3B4A00600261 /* tessdata in Resources */ = {isa = PBXBuildFile; fileRef = C7A65F6320EF3B4A00600261 /* tessdata */; };
		C7C34D4E20F5E75400093892 /* capture.png in Resources */ = {isa = PBXBuildFile; fileRef = C7C34D4A20F5E75300093892 /* capture.png */; };
		C7FAEB0220F0AB0500733C60 /* GPUImage.framework in Frameworks */ = {isa = PBXBuildFile; fileRef = C7FAEAFD20F0AA6600733C60 /* GPUImage.framework */; };
		C7FAEB0420F0AC0900733C60 /* GPUImage.framework in CopyFiles */ = {isa = PBXBuildFile; fileRef = C7FAEAFD20F0AA6600733C60 /* GPUImage.framework */; settings = {ATTRIBUTES = (CodeSignOnCopy, RemoveHeadersOnCopy, ); }; };
/* End PBXBuildFile section */

/* Begin PBXContainerItemProxy section */
		C7A65F3D20EEFB6D00600261 /* PBXContainerItemProxy */ = {
			isa = PBXContainerItemProxy;
			containerPortal = C7A65F2020EEFB6B00600261 /* Project object */;
			proxyType = 1;
			remoteGlobalIDString = C7A65F2720EEFB6B00600261;
			remoteInfo = TesseractForCSV;
		};
		C7A65F4820EEFB6D00600261 /* PBXContainerItemProxy */ = {
			isa = PBXContainerItemProxy;
			containerPortal = C7A65F2020EEFB6B00600261 /* Project object */;
			proxyType = 1;
			remoteGlobalIDString = C7A65F2720EEFB6B00600261;
			remoteInfo = TesseractForCSV;
		};
		C7FAEAF820F0AA6600733C60 /* PBXContainerItemProxy */ = {
			isa = PBXContainerItemProxy;
			containerPortal = C7FAEAF120F0AA6600733C60 /* GPUImage.xcodeproj */;
			proxyType = 2;
			remoteGlobalIDString = BC6E7CAB1C39A9D8006DF678;
			remoteInfo = GPUImage_macOS;
		};
		C7FAEAFA20F0AA6600733C60 /* PBXContainerItemProxy */ = {
			isa = PBXContainerItemProxy;
			containerPortal = C7FAEAF120F0AA6600733C60 /* GPUImage.xcodeproj */;
			proxyType = 2;
			remoteGlobalIDString = BC6E7CB51C39A9D8006DF678;
			remoteInfo = GPUImageTests_macOS;
		};
		C7FAEAFC20F0AA6600733C60 /* PBXContainerItemProxy */ = {
			isa = PBXContainerItemProxy;
			containerPortal = C7FAEAF120F0AA6600733C60 /* GPUImage.xcodeproj */;
			proxyType = 2;
			remoteGlobalIDString = BC9E34E91E524A2200B8604F;
			remoteInfo = GPUImage_iOS;
		};
		C7FAEAFE20F0AA6600733C60 /* PBXContainerItemProxy */ = {
			isa = PBXContainerItemProxy;
			containerPortal = C7FAEAF120F0AA6600733C60 /* GPUImage.xcodeproj */;
			proxyType = 2;
			remoteGlobalIDString = BC9E34F11E524A2200B8604F;
			remoteInfo = GPUImageTests_iOS;
		};
		C7FAEB0020F0AAE900733C60 /* PBXContainerItemProxy */ = {
			isa = PBXContainerItemProxy;
			containerPortal = C7FAEAF120F0AA6600733C60 /* GPUImage.xcodeproj */;
			proxyType = 1;
			remoteGlobalIDString = BC9E34E81E524A2200B8604F;
			remoteInfo = GPUImage_iOS;
		};
/* End PBXContainerItemProxy section */

/* Begin PBXCopyFilesBuildPhase section */
		C7FAEB0320F0AB2900733C60 /* CopyFiles */ = {
			isa = PBXCopyFilesBuildPhase;
			buildActionMask = 2147483647;
			dstPath = "";
			dstSubfolderSpec = 10;
			files = (
				C7FAEB0420F0AC0900733C60 /* GPUImage.framework in CopyFiles */,
			);
			runOnlyForDeploymentPostprocessing = 0;
		};
/* End PBXCopyFilesBuildPhase section */

/* Begin PBXFileReference section */
		05CDF2725ABC9A2CB0B50B4A /* Pods-TesseractForCSVUITests.debug.xcconfig */ = {isa = PBXFileReference; includeInIndex = 1; lastKnownFileType = text.xcconfig; name = "Pods-TesseractForCSVUITests.debug.xcconfig"; path = "Pods/Target Support Files/Pods-TesseractForCSVUITests/Pods-TesseractForCSVUITests.debug.xcconfig"; sourceTree = "<group>"; };
		192376D0E7C077FB5B72A7C5 /* Pods_TesseractForCSVTests.framework */ = {isa = PBXFileReference; explicitFileType = wrapper.framework; includeInIndex = 0; path = Pods_TesseractForCSVTests.framework; sourceTree = BUILT_PRODUCTS_DIR; };
		1CA68C48DE7565200DC5A1DE /* Pods-TesseractForCSVTests.debug.xcconfig */ = {isa = PBXFileReference; includeInIndex = 1; lastKnownFileType = text.xcconfig; name = "Pods-TesseractForCSVTests.debug.xcconfig"; path = "Pods/Target Support Files/Pods-TesseractForCSVTests/Pods-TesseractForCSVTests.debug.xcconfig"; sourceTree = "<group>"; };
		2336137FDBAFD63CF7DD06ED /* Pods_TesseractForCSV.framework */ = {isa = PBXFileReference; explicitFileType = wrapper.framework; includeInIndex = 0; path = Pods_TesseractForCSV.framework; sourceTree = BUILT_PRODUCTS_DIR; };
		85C8B9F7E67C966006399354 /* Pods-TesseractForCSV.debug.xcconfig */ = {isa = PBXFileReference; includeInIndex = 1; lastKnownFileType = text.xcconfig; name = "Pods-TesseractForCSV.debug.xcconfig"; path = "Pods/Target Support Files/Pods-TesseractForCSV/Pods-TesseractForCSV.debug.xcconfig"; sourceTree = "<group>"; };
		BD504016E426A3D8D778C7DE /* Pods_TesseractForCSVUITests.framework */ = {isa = PBXFileReference; explicitFileType = wrapper.framework; includeInIndex = 0; path = Pods_TesseractForCSVUITests.framework; sourceTree = BUILT_PRODUCTS_DIR; };
		C7026FFA20F179A5000D9E75 /* TextToCSVConverter.swift */ = {isa = PBXFileReference; lastKnownFileType = sourcecode.swift; path = TextToCSVConverter.swift; sourceTree = "<group>"; };
		C7A65F2820EEFB6B00600261 /* TesseractForCSV.app */ = {isa = PBXFileReference; explicitFileType = wrapper.application; includeInIndex = 0; path = TesseractForCSV.app; sourceTree = BUILT_PRODUCTS_DIR; };
		C7A65F2B20EEFB6B00600261 /* AppDelegate.swift */ = {isa = PBXFileReference; lastKnownFileType = sourcecode.swift; path = AppDelegate.swift; sourceTree = "<group>"; };
		C7A65F2D20EEFB6B00600261 /* CameraViewController.swift */ = {isa = PBXFileReference; lastKnownFileType = sourcecode.swift; path = CameraViewController.swift; sourceTree = "<group>"; };
		C7A65F3020EEFB6B00600261 /* Base */ = {isa = PBXFileReference; lastKnownFileType = file.storyboard; name = Base; path = Base.lproj/Main.storyboard; sourceTree = "<group>"; };
		C7A65F3220EEFB6C00600261 /* Assets.xcassets */ = {isa = PBXFileReference; lastKnownFileType = folder.assetcatalog; path = Assets.xcassets; sourceTree = "<group>"; };
		C7A65F3520EEFB6C00600261 /* Base */ = {isa = PBXFileReference; lastKnownFileType = file.storyboard; name = Base; path = Base.lproj/LaunchScreen.storyboard; sourceTree = "<group>"; };
		C7A65F3720EEFB6C00600261 /* Info.plist */ = {isa = PBXFileReference; lastKnownFileType = text.plist.xml; path = Info.plist; sourceTree = "<group>"; };
		C7A65F3C20EEFB6D00600261 /* TesseractForCSVTests.xctest */ = {isa = PBXFileReference; explicitFileType = wrapper.cfbundle; includeInIndex = 0; path = TesseractForCSVTests.xctest; sourceTree = BUILT_PRODUCTS_DIR; };
		C7A65F4020EEFB6D00600261 /* TesseractForCSVTests.swift */ = {isa = PBXFileReference; lastKnownFileType = sourcecode.swift; path = TesseractForCSVTests.swift; sourceTree = "<group>"; };
		C7A65F4220EEFB6D00600261 /* Info.plist */ = {isa = PBXFileReference; lastKnownFileType = text.plist.xml; path = Info.plist; sourceTree = "<group>"; };
		C7A65F4720EEFB6D00600261 /* TesseractForCSVUITests.xctest */ = {isa = PBXFileReference; explicitFileType = wrapper.cfbundle; includeInIndex = 0; path = TesseractForCSVUITests.xctest; sourceTree = BUILT_PRODUCTS_DIR; };
		C7A65F4B20EEFB6D00600261 /* TesseractForCSVUITests.swift */ = {isa = PBXFileReference; lastKnownFileType = sourcecode.swift; path = TesseractForCSVUITests.swift; sourceTree = "<group>"; };
		C7A65F4D20EEFB6D00600261 /* Info.plist */ = {isa = PBXFileReference; lastKnownFileType = text.plist.xml; path = Info.plist; sourceTree = "<group>"; };
		C7A65F5920EEFF6900600261 /* CoreImage.framework */ = {isa = PBXFileReference; lastKnownFileType = wrapper.framework; name = CoreImage.framework; path = System/Library/Frameworks/CoreImage.framework; sourceTree = SDKROOT; };
		C7A65F5B20EF2DB700600261 /* TesseractManager.swift */ = {isa = PBXFileReference; lastKnownFileType = sourcecode.swift; path = TesseractManager.swift; sourceTree = "<group>"; };
		C7A65F5D20EF326C00600261 /* TesseractOCR.framework */ = {isa = PBXFileReference; explicitFileType = wrapper.framework; path = TesseractOCR.framework; sourceTree = BUILT_PRODUCTS_DIR; };
		C7A65F5F20EF33EE00600261 /* TesseractOCR.framework */ = {isa = PBXFileReference; explicitFileType = wrapper.framework; path = TesseractOCR.framework; sourceTree = BUILT_PRODUCTS_DIR; };
		C7A65F6120EF37DE00600261 /* libstdc++.tbd */ = {isa = PBXFileReference; lastKnownFileType = "sourcecode.text-based-dylib-definition"; name = "libstdc++.tbd"; path = "usr/lib/libstdc++.tbd"; sourceTree = SDKROOT; };
		C7A65F6320EF3B4A00600261 /* tessdata */ = {isa = PBXFileReference; lastKnownFileType = folder; path = tessdata; sourceTree = "<group>"; };
		C7C34D4A20F5E75300093892 /* capture.png */ = {isa = PBXFileReference; lastKnownFileType = image.png; path = capture.png; sourceTree = "<group>"; };
		C7FAEAF120F0AA6600733C60 /* GPUImage.xcodeproj */ = {isa = PBXFileReference; lastKnownFileType = "wrapper.pb-project"; name = GPUImage.xcodeproj; path = ../../../GPUImage2/framework/GPUImage.xcodeproj; sourceTree = "<group>"; };
		CADC49CFB770BD4CFF95F45B /* Pods-TesseractForCSVUITests.release.xcconfig */ = {isa = PBXFileReference; includeInIndex = 1; lastKnownFileType = text.xcconfig; name = "Pods-TesseractForCSVUITests.release.xcconfig"; path = "Pods/Target Support Files/Pods-TesseractForCSVUITests/Pods-TesseractForCSVUITests.release.xcconfig"; sourceTree = "<group>"; };
		D465BBD4C8C677E8D3F903F3 /* Pods-TesseractForCSV.release.xcconfig */ = {isa = PBXFileReference; includeInIndex = 1; lastKnownFileType = text.xcconfig; name = "Pods-TesseractForCSV.release.xcconfig"; path = "Pods/Target Support Files/Pods-TesseractForCSV/Pods-TesseractForCSV.release.xcconfig"; sourceTree = "<group>"; };
		DE66FD0A238F9D2595598AC4 /* Pods-TesseractForCSVTests.release.xcconfig */ = {isa = PBXFileReference; includeInIndex = 1; lastKnownFileType = text.xcconfig; name = "Pods-TesseractForCSVTests.release.xcconfig"; path = "Pods/Target Support Files/Pods-TesseractForCSVTests/Pods-TesseractForCSVTests.release.xcconfig"; sourceTree = "<group>"; };
/* End PBXFileReference section */

/* Begin PBXFrameworksBuildPhase section */
		C7A65F2520EEFB6B00600261 /* Frameworks */ = {
			isa = PBXFrameworksBuildPhase;
			buildActionMask = 2147483647;
			files = (
				C7FAEB0220F0AB0500733C60 /* GPUImage.framework in Frameworks */,
				C7A65F6220EF37DE00600261 /* libstdc++.tbd in Frameworks */,
				C7A65F6020EF33EE00600261 /* TesseractOCR.framework in Frameworks */,
				C7A65F5A20EEFF6900600261 /* CoreImage.framework in Frameworks */,
				8311E407FC5AE4C07F00E8FF /* Pods_TesseractForCSV.framework in Frameworks */,
			);
			runOnlyForDeploymentPostprocessing = 0;
		};
		C7A65F3920EEFB6D00600261 /* Frameworks */ = {
			isa = PBXFrameworksBuildPhase;
			buildActionMask = 2147483647;
			files = (
				875727F9FAA26E0DE1E03110 /* Pods_TesseractForCSVTests.framework in Frameworks */,
			);
			runOnlyForDeploymentPostprocessing = 0;
		};
		C7A65F4420EEFB6D00600261 /* Frameworks */ = {
			isa = PBXFrameworksBuildPhase;
			buildActionMask = 2147483647;
			files = (
				326F861FA5A4BA7FEC267251 /* Pods_TesseractForCSVUITests.framework in Frameworks */,
			);
			runOnlyForDeploymentPostprocessing = 0;
		};
/* End PBXFrameworksBuildPhase section */

/* Begin PBXGroup section */
		4CC31CD78A3BBEC2D6B3D6F3 /* Pods */ = {
			isa = PBXGroup;
			children = (
				85C8B9F7E67C966006399354 /* Pods-TesseractForCSV.debug.xcconfig */,
				D465BBD4C8C677E8D3F903F3 /* Pods-TesseractForCSV.release.xcconfig */,
				1CA68C48DE7565200DC5A1DE /* Pods-TesseractForCSVTests.debug.xcconfig */,
				DE66FD0A238F9D2595598AC4 /* Pods-TesseractForCSVTests.release.xcconfig */,
				05CDF2725ABC9A2CB0B50B4A /* Pods-TesseractForCSVUITests.debug.xcconfig */,
				CADC49CFB770BD4CFF95F45B /* Pods-TesseractForCSVUITests.release.xcconfig */,
			);
			name = Pods;
			sourceTree = "<group>";
		};
		C7A65F1F20EEFB6B00600261 = {
			isa = PBXGroup;
			children = (
				C7A65F2A20EEFB6B00600261 /* TesseractForCSV */,
				C7A65F3F20EEFB6D00600261 /* TesseractForCSVTests */,
				C7A65F4A20EEFB6D00600261 /* TesseractForCSVUITests */,
				C7A65F2920EEFB6B00600261 /* Products */,
				F9BC53E869C69A18163D850A /* Frameworks */,
				4CC31CD78A3BBEC2D6B3D6F3 /* Pods */,
			);
			sourceTree = "<group>";
		};
		C7A65F2920EEFB6B00600261 /* Products */ = {
			isa = PBXGroup;
			children = (
				C7A65F2820EEFB6B00600261 /* TesseractForCSV.app */,
				C7A65F3C20EEFB6D00600261 /* TesseractForCSVTests.xctest */,
				C7A65F4720EEFB6D00600261 /* TesseractForCSVUITests.xctest */,
			);
			name = Products;
			sourceTree = "<group>";
		};
		C7A65F2A20EEFB6B00600261 /* TesseractForCSV */ = {
			isa = PBXGroup;
			children = (
				C7FAEAF120F0AA6600733C60 /* GPUImage.xcodeproj */,
				C7A65F2B20EEFB6B00600261 /* AppDelegate.swift */,
				C7A65F2D20EEFB6B00600261 /* CameraViewController.swift */,
				C7A65F5B20EF2DB700600261 /* TesseractManager.swift */,
				C7026FFA20F179A5000D9E75 /* TextToCSVConverter.swift */,
				C7A65F2F20EEFB6B00600261 /* Main.storyboard */,
				C7A65F3220EEFB6C00600261 /* Assets.xcassets */,
				C7A65F6320EF3B4A00600261 /* tessdata */,
				C7A65F3420EEFB6C00600261 /* LaunchScreen.storyboard */,
				C7A65F3720EEFB6C00600261 /* Info.plist */,
				C7C34D4A20F5E75300093892 /* capture.png */,
			);
			path = TesseractForCSV;
			sourceTree = "<group>";
		};
		C7A65F3F20EEFB6D00600261 /* TesseractForCSVTests */ = {
			isa = PBXGroup;
			children = (
				C7A65F4020EEFB6D00600261 /* TesseractForCSVTests.swift */,
				C7A65F4220EEFB6D00600261 /* Info.plist */,
			);
			path = TesseractForCSVTests;
			sourceTree = "<group>";
		};
		C7A65F4A20EEFB6D00600261 /* TesseractForCSVUITests */ = {
			isa = PBXGroup;
			children = (
				C7A65F4B20EEFB6D00600261 /* TesseractForCSVUITests.swift */,
				C7A65F4D20EEFB6D00600261 /* Info.plist */,
			);
			path = TesseractForCSVUITests;
			sourceTree = "<group>";
		};
		C7FAEAF220F0AA6600733C60 /* Products */ = {
			isa = PBXGroup;
			children = (
				C7FAEAF920F0AA6600733C60 /* GPUImage.framework */,
				C7FAEAFB20F0AA6600733C60 /* GPUImageTests_macOS.xctest */,
				C7FAEAFD20F0AA6600733C60 /* GPUImage.framework */,
				C7FAEAFF20F0AA6600733C60 /* GPUImageTests_iOS.xctest */,
			);
			name = Products;
			sourceTree = "<group>";
		};
		F9BC53E869C69A18163D850A /* Frameworks */ = {
			isa = PBXGroup;
			children = (
				C7A65F6120EF37DE00600261 /* libstdc++.tbd */,
				C7A65F5F20EF33EE00600261 /* TesseractOCR.framework */,
				C7A65F5D20EF326C00600261 /* TesseractOCR.framework */,
				C7A65F5920EEFF6900600261 /* CoreImage.framework */,
				2336137FDBAFD63CF7DD06ED /* Pods_TesseractForCSV.framework */,
				192376D0E7C077FB5B72A7C5 /* Pods_TesseractForCSVTests.framework */,
				BD504016E426A3D8D778C7DE /* Pods_TesseractForCSVUITests.framework */,
			);
			name = Frameworks;
			sourceTree = "<group>";
		};
/* End PBXGroup section */

/* Begin PBXNativeTarget section */
		C7A65F2720EEFB6B00600261 /* TesseractForCSV */ = {
			isa = PBXNativeTarget;
			buildConfigurationList = C7A65F5020EEFB6D00600261 /* Build configuration list for PBXNativeTarget "TesseractForCSV" */;
			buildPhases = (
				D3187EDC79EE4A912340D9B3 /* [CP] Check Pods Manifest.lock */,
				C7A65F2420EEFB6B00600261 /* Sources */,
				C7A65F2520EEFB6B00600261 /* Frameworks */,
				C7A65F2620EEFB6B00600261 /* Resources */,
				4146DEA6A263A1020A548B5D /* [CP] Embed Pods Frameworks */,
				C7FAEB0320F0AB2900733C60 /* CopyFiles */,
			);
			buildRules = (
			);
			dependencies = (
				C7FAEB0120F0AAE900733C60 /* PBXTargetDependency */,
			);
			name = TesseractForCSV;
			productName = TesseractForCSV;
			productReference = C7A65F2820EEFB6B00600261 /* TesseractForCSV.app */;
			productType = "com.apple.product-type.application";
		};
		C7A65F3B20EEFB6D00600261 /* TesseractForCSVTests */ = {
			isa = PBXNativeTarget;
			buildConfigurationList = C7A65F5320EEFB6D00600261 /* Build configuration list for PBXNativeTarget "TesseractForCSVTests" */;
			buildPhases = (
				A3EECB58F51DEC66E9A6A533 /* [CP] Check Pods Manifest.lock */,
				C7A65F3820EEFB6D00600261 /* Sources */,
				C7A65F3920EEFB6D00600261 /* Frameworks */,
				C7A65F3A20EEFB6D00600261 /* Resources */,
			);
			buildRules = (
			);
			dependencies = (
				C7A65F3E20EEFB6D00600261 /* PBXTargetDependency */,
			);
			name = TesseractForCSVTests;
			productName = TesseractForCSVTests;
			productReference = C7A65F3C20EEFB6D00600261 /* TesseractForCSVTests.xctest */;
			productType = "com.apple.product-type.bundle.unit-test";
		};
		C7A65F4620EEFB6D00600261 /* TesseractForCSVUITests */ = {
			isa = PBXNativeTarget;
			buildConfigurationList = C7A65F5620EEFB6D00600261 /* Build configuration list for PBXNativeTarget "TesseractForCSVUITests" */;
			buildPhases = (
				221B6A8F2480C4D9CA3FF913 /* [CP] Check Pods Manifest.lock */,
				C7A65F4320EEFB6D00600261 /* Sources */,
				C7A65F4420EEFB6D00600261 /* Frameworks */,
				C7A65F4520EEFB6D00600261 /* Resources */,
			);
			buildRules = (
			);
			dependencies = (
				C7A65F4920EEFB6D00600261 /* PBXTargetDependency */,
			);
			name = TesseractForCSVUITests;
			productName = TesseractForCSVUITests;
			productReference = C7A65F4720EEFB6D00600261 /* TesseractForCSVUITests.xctest */;
			productType = "com.apple.product-type.bundle.ui-testing";
		};
/* End PBXNativeTarget section */

/* Begin PBXProject section */
		C7A65F2020EEFB6B00600261 /* Project object */ = {
			isa = PBXProject;
			attributes = {
				LastSwiftUpdateCheck = 0940;
				LastUpgradeCheck = 0940;
				ORGANIZATIONNAME = "Brian Li";
				TargetAttributes = {
					C7A65F2720EEFB6B00600261 = {
						CreatedOnToolsVersion = 9.4.1;
					};
					C7A65F3B20EEFB6D00600261 = {
						CreatedOnToolsVersion = 9.4.1;
						TestTargetID = C7A65F2720EEFB6B00600261;
					};
					C7A65F4620EEFB6D00600261 = {
						CreatedOnToolsVersion = 9.4.1;
						TestTargetID = C7A65F2720EEFB6B00600261;
					};
				};
			};
			buildConfigurationList = C7A65F2320EEFB6B00600261 /* Build configuration list for PBXProject "TesseractForCSV" */;
			compatibilityVersion = "Xcode 9.3";
			developmentRegion = en;
			hasScannedForEncodings = 0;
			knownRegions = (
				en,
				Base,
			);
			mainGroup = C7A65F1F20EEFB6B00600261;
			productRefGroup = C7A65F2920EEFB6B00600261 /* Products */;
			projectDirPath = "";
			projectReferences = (
				{
					ProductGroup = C7FAEAF220F0AA6600733C60 /* Products */;
					ProjectRef = C7FAEAF120F0AA6600733C60 /* GPUImage.xcodeproj */;
				},
			);
			projectRoot = "";
			targets = (
				C7A65F2720EEFB6B00600261 /* TesseractForCSV */,
				C7A65F3B20EEFB6D00600261 /* TesseractForCSVTests */,
				C7A65F4620EEFB6D00600261 /* TesseractForCSVUITests */,
			);
		};
/* End PBXProject section */

/* Begin PBXReferenceProxy section */
		C7FAEAF920F0AA6600733C60 /* GPUImage.framework */ = {
			isa = PBXReferenceProxy;
			fileType = wrapper.framework;
			path = GPUImage.framework;
			remoteRef = C7FAEAF820F0AA6600733C60 /* PBXContainerItemProxy */;
			sourceTree = BUILT_PRODUCTS_DIR;
		};
		C7FAEAFB20F0AA6600733C60 /* GPUImageTests_macOS.xctest */ = {
			isa = PBXReferenceProxy;
			fileType = wrapper.cfbundle;
			path = GPUImageTests_macOS.xctest;
			remoteRef = C7FAEAFA20F0AA6600733C60 /* PBXContainerItemProxy */;
			sourceTree = BUILT_PRODUCTS_DIR;
		};
		C7FAEAFD20F0AA6600733C60 /* GPUImage.framework */ = {
			isa = PBXReferenceProxy;
			fileType = wrapper.framework;
			path = GPUImage.framework;
			remoteRef = C7FAEAFC20F0AA6600733C60 /* PBXContainerItemProxy */;
			sourceTree = BUILT_PRODUCTS_DIR;
		};
		C7FAEAFF20F0AA6600733C60 /* GPUImageTests_iOS.xctest */ = {
			isa = PBXReferenceProxy;
			fileType = wrapper.cfbundle;
			path = GPUImageTests_iOS.xctest;
			remoteRef = C7FAEAFE20F0AA6600733C60 /* PBXContainerItemProxy */;
			sourceTree = BUILT_PRODUCTS_DIR;
		};
/* End PBXReferenceProxy section */

/* Begin PBXResourcesBuildPhase section */
		C7A65F2620EEFB6B00600261 /* Resources */ = {
			isa = PBXResourcesBuildPhase;
			buildActionMask = 2147483647;
			files = (
				C7C34D4E20F5E75400093892 /* capture.png in Resources */,
				C7A65F3620EEFB6C00600261 /* LaunchScreen.storyboard in Resources */,
				C7A65F6420EF3B4A00600261 /* tessdata in Resources */,
				C7A65F3320EEFB6C00600261 /* Assets.xcassets in Resources */,
				C7A65F3120EEFB6B00600261 /* Main.storyboard in Resources */,
			);
			runOnlyForDeploymentPostprocessing = 0;
		};
		C7A65F3A20EEFB6D00600261 /* Resources */ = {
			isa = PBXResourcesBuildPhase;
			buildActionMask = 2147483647;
			files = (
			);
			runOnlyForDeploymentPostprocessing = 0;
		};
		C7A65F4520EEFB6D00600261 /* Resources */ = {
			isa = PBXResourcesBuildPhase;
			buildActionMask = 2147483647;
			files = (
			);
			runOnlyForDeploymentPostprocessing = 0;
		};
/* End PBXResourcesBuildPhase section */

/* Begin PBXShellScriptBuildPhase section */
		221B6A8F2480C4D9CA3FF913 /* [CP] Check Pods Manifest.lock */ = {
			isa = PBXShellScriptBuildPhase;
			buildActionMask = 2147483647;
			files = (
			);
			inputPaths = (
				"${PODS_PODFILE_DIR_PATH}/Podfile.lock",
				"${PODS_ROOT}/Manifest.lock",
			);
			name = "[CP] Check Pods Manifest.lock";
			outputPaths = (
				"$(DERIVED_FILE_DIR)/Pods-TesseractForCSVUITests-checkManifestLockResult.txt",
			);
			runOnlyForDeploymentPostprocessing = 0;
			shellPath = /bin/sh;
			shellScript = "diff \"${PODS_PODFILE_DIR_PATH}/Podfile.lock\" \"${PODS_ROOT}/Manifest.lock\" > /dev/null\nif [ $? != 0 ] ; then\n    # print error to STDERR\n    echo \"error: The sandbox is not in sync with the Podfile.lock. Run 'pod install' or update your CocoaPods installation.\" >&2\n    exit 1\nfi\n# This output is used by Xcode 'outputs' to avoid re-running this script phase.\necho \"SUCCESS\" > \"${SCRIPT_OUTPUT_FILE_0}\"\n";
			showEnvVarsInLog = 0;
		};
		4146DEA6A263A1020A548B5D /* [CP] Embed Pods Frameworks */ = {
			isa = PBXShellScriptBuildPhase;
			buildActionMask = 2147483647;
			files = (
			);
			inputPaths = (
				"${SRCROOT}/Pods/Target Support Files/Pods-TesseractForCSV/Pods-TesseractForCSV-frameworks.sh",
				"${BUILT_PRODUCTS_DIR}/TesseractOCRiOS/TesseractOCR.framework",
			);
			name = "[CP] Embed Pods Frameworks";
			outputPaths = (
				"${TARGET_BUILD_DIR}/${FRAMEWORKS_FOLDER_PATH}/TesseractOCR.framework",
			);
			runOnlyForDeploymentPostprocessing = 0;
			shellPath = /bin/sh;
			shellScript = "\"${SRCROOT}/Pods/Target Support Files/Pods-TesseractForCSV/Pods-TesseractForCSV-frameworks.sh\"\n";
			showEnvVarsInLog = 0;
		};
		A3EECB58F51DEC66E9A6A533 /* [CP] Check Pods Manifest.lock */ = {
			isa = PBXShellScriptBuildPhase;
			buildActionMask = 2147483647;
			files = (
			);
			inputPaths = (
				"${PODS_PODFILE_DIR_PATH}/Podfile.lock",
				"${PODS_ROOT}/Manifest.lock",
			);
			name = "[CP] Check Pods Manifest.lock";
			outputPaths = (
				"$(DERIVED_FILE_DIR)/Pods-TesseractForCSVTests-checkManifestLockResult.txt",
			);
			runOnlyForDeploymentPostprocessing = 0;
			shellPath = /bin/sh;
			shellScript = "diff \"${PODS_PODFILE_DIR_PATH}/Podfile.lock\" \"${PODS_ROOT}/Manifest.lock\" > /dev/null\nif [ $? != 0 ] ; then\n    # print error to STDERR\n    echo \"error: The sandbox is not in sync with the Podfile.lock. Run 'pod install' or update your CocoaPods installation.\" >&2\n    exit 1\nfi\n# This output is used by Xcode 'outputs' to avoid re-running this script phase.\necho \"SUCCESS\" > \"${SCRIPT_OUTPUT_FILE_0}\"\n";
			showEnvVarsInLog = 0;
		};
		D3187EDC79EE4A912340D9B3 /* [CP] Check Pods Manifest.lock */ = {
			isa = PBXShellScriptBuildPhase;
			buildActionMask = 2147483647;
			files = (
			);
			inputPaths = (
				"${PODS_PODFILE_DIR_PATH}/Podfile.lock",
				"${PODS_ROOT}/Manifest.lock",
			);
			name = "[CP] Check Pods Manifest.lock";
			outputPaths = (
				"$(DERIVED_FILE_DIR)/Pods-TesseractForCSV-checkManifestLockResult.txt",
			);
			runOnlyForDeploymentPostprocessing = 0;
			shellPath = /bin/sh;
			shellScript = "diff \"${PODS_PODFILE_DIR_PATH}/Podfile.lock\" \"${PODS_ROOT}/Manifest.lock\" > /dev/null\nif [ $? != 0 ] ; then\n    # print error to STDERR\n    echo \"error: The sandbox is not in sync with the Podfile.lock. Run 'pod install' or update your CocoaPods installation.\" >&2\n    exit 1\nfi\n# This output is used by Xcode 'outputs' to avoid re-running this script phase.\necho \"SUCCESS\" > \"${SCRIPT_OUTPUT_FILE_0}\"\n";
			showEnvVarsInLog = 0;
		};
/* End PBXShellScriptBuildPhase section */

/* Begin PBXSourcesBuildPhase section */
		C7A65F2420EEFB6B00600261 /* Sources */ = {
			isa = PBXSourcesBuildPhase;
			buildActionMask = 2147483647;
			files = (
				C7A65F2E20EEFB6B00600261 /* CameraViewController.swift in Sources */,
				C7A65F5C20EF2DB700600261 /* TesseractManager.swift in Sources */,
				C7A65F2C20EEFB6B00600261 /* AppDelegate.swift in Sources */,
				C7026FFB20F179A5000D9E75 /* TextToCSVConverter.swift in Sources */,
			);
			runOnlyForDeploymentPostprocessing = 0;
		};
		C7A65F3820EEFB6D00600261 /* Sources */ = {
			isa = PBXSourcesBuildPhase;
			buildActionMask = 2147483647;
			files = (
				C7A65F4120EEFB6D00600261 /* TesseractForCSVTests.swift in Sources */,
			);
			runOnlyForDeploymentPostprocessing = 0;
		};
		C7A65F4320EEFB6D00600261 /* Sources */ = {
			isa = PBXSourcesBuildPhase;
			buildActionMask = 2147483647;
			files = (
				C7A65F4C20EEFB6D00600261 /* TesseractForCSVUITests.swift in Sources */,
			);
			runOnlyForDeploymentPostprocessing = 0;
		};
/* End PBXSourcesBuildPhase section */

/* Begin PBXTargetDependency section */
		C7A65F3E20EEFB6D00600261 /* PBXTargetDependency */ = {
			isa = PBXTargetDependency;
			target = C7A65F2720EEFB6B00600261 /* TesseractForCSV */;
			targetProxy = C7A65F3D20EEFB6D00600261 /* PBXContainerItemProxy */;
		};
		C7A65F4920EEFB6D00600261 /* PBXTargetDependency */ = {
			isa = PBXTargetDependency;
			target = C7A65F2720EEFB6B00600261 /* TesseractForCSV */;
			targetProxy = C7A65F4820EEFB6D00600261 /* PBXContainerItemProxy */;
		};
		C7FAEB0120F0AAE900733C60 /* PBXTargetDependency */ = {
			isa = PBXTargetDependency;
			name = GPUImage_iOS;
			targetProxy = C7FAEB0020F0AAE900733C60 /* PBXContainerItemProxy */;
		};
/* End PBXTargetDependency section */

/* Begin PBXVariantGroup section */
		C7A65F2F20EEFB6B00600261 /* Main.storyboard */ = {
			isa = PBXVariantGroup;
			children = (
				C7A65F3020EEFB6B00600261 /* Base */,
			);
			name = Main.storyboard;
			sourceTree = "<group>";
		};
		C7A65F3420EEFB6C00600261 /* LaunchScreen.storyboard */ = {
			isa = PBXVariantGroup;
			children = (
				C7A65F3520EEFB6C00600261 /* Base */,
			);
			name = LaunchScreen.storyboard;
			sourceTree = "<group>";
		};
/* End PBXVariantGroup section */

/* Begin XCBuildConfiguration section */
		C7A65F4E20EEFB6D00600261 /* Debug */ = {
			isa = XCBuildConfiguration;
			buildSettings = {
				ALWAYS_SEARCH_USER_PATHS = NO;
				CLANG_ANALYZER_NONNULL = YES;
				CLANG_ANALYZER_NUMBER_OBJECT_CONVERSION = YES_AGGRESSIVE;
				CLANG_CXX_LANGUAGE_STANDARD = "gnu++14";
				CLANG_CXX_LIBRARY = "libc++";
				CLANG_ENABLE_MODULES = YES;
				CLANG_ENABLE_OBJC_ARC = YES;
				CLANG_ENABLE_OBJC_WEAK = YES;
				CLANG_WARN_BLOCK_CAPTURE_AUTORELEASING = YES;
				CLANG_WARN_BOOL_CONVERSION = YES;
				CLANG_WARN_COMMA = YES;
				CLANG_WARN_CONSTANT_CONVERSION = YES;
				CLANG_WARN_DEPRECATED_OBJC_IMPLEMENTATIONS = YES;
				CLANG_WARN_DIRECT_OBJC_ISA_USAGE = YES_ERROR;
				CLANG_WARN_DOCUMENTATION_COMMENTS = YES;
				CLANG_WARN_EMPTY_BODY = YES;
				CLANG_WARN_ENUM_CONVERSION = YES;
				CLANG_WARN_INFINITE_RECURSION = YES;
				CLANG_WARN_INT_CONVERSION = YES;
				CLANG_WARN_NON_LITERAL_NULL_CONVERSION = YES;
				CLANG_WARN_OBJC_IMPLICIT_RETAIN_SELF = YES;
				CLANG_WARN_OBJC_LITERAL_CONVERSION = YES;
				CLANG_WARN_OBJC_ROOT_CLASS = YES_ERROR;
				CLANG_WARN_RANGE_LOOP_ANALYSIS = YES;
				CLANG_WARN_STRICT_PROTOTYPES = YES;
				CLANG_WARN_SUSPICIOUS_MOVE = YES;
				CLANG_WARN_UNGUARDED_AVAILABILITY = YES_AGGRESSIVE;
				CLANG_WARN_UNREACHABLE_CODE = YES;
				CLANG_WARN__DUPLICATE_METHOD_MATCH = YES;
				CODE_SIGN_IDENTITY = "iPhone Developer";
				COPY_PHASE_STRIP = NO;
				DEBUG_INFORMATION_FORMAT = dwarf;
				ENABLE_BITCODE = NO;
				ENABLE_STRICT_OBJC_MSGSEND = YES;
				ENABLE_TESTABILITY = YES;
				GCC_C_LANGUAGE_STANDARD = gnu11;
				GCC_DYNAMIC_NO_PIC = NO;
				GCC_NO_COMMON_BLOCKS = YES;
				GCC_OPTIMIZATION_LEVEL = 0;
				GCC_PREPROCESSOR_DEFINITIONS = (
					"DEBUG=1",
					"$(inherited)",
				);
				GCC_WARN_64_TO_32_BIT_CONVERSION = YES;
				GCC_WARN_ABOUT_RETURN_TYPE = YES_ERROR;
				GCC_WARN_UNDECLARED_SELECTOR = YES;
				GCC_WARN_UNINITIALIZED_AUTOS = YES_AGGRESSIVE;
				GCC_WARN_UNUSED_FUNCTION = YES;
				GCC_WARN_UNUSED_VARIABLE = YES;
				IPHONEOS_DEPLOYMENT_TARGET = 11.4;
				MTL_ENABLE_DEBUG_INFO = YES;
				ONLY_ACTIVE_ARCH = YES;
				SDKROOT = iphoneos;
				SWIFT_ACTIVE_COMPILATION_CONDITIONS = DEBUG;
				SWIFT_OPTIMIZATION_LEVEL = "-Onone";
			};
			name = Debug;
		};
		C7A65F4F20EEFB6D00600261 /* Release */ = {
			isa = XCBuildConfiguration;
			buildSettings = {
				ALWAYS_SEARCH_USER_PATHS = NO;
				CLANG_ANALYZER_NONNULL = YES;
				CLANG_ANALYZER_NUMBER_OBJECT_CONVERSION = YES_AGGRESSIVE;
				CLANG_CXX_LANGUAGE_STANDARD = "gnu++14";
				CLANG_CXX_LIBRARY = "libc++";
				CLANG_ENABLE_MODULES = YES;
				CLANG_ENABLE_OBJC_ARC = YES;
				CLANG_ENABLE_OBJC_WEAK = YES;
				CLANG_WARN_BLOCK_CAPTURE_AUTORELEASING = YES;
				CLANG_WARN_BOOL_CONVERSION = YES;
				CLANG_WARN_COMMA = YES;
				CLANG_WARN_CONSTANT_CONVERSION = YES;
				CLANG_WARN_DEPRECATED_OBJC_IMPLEMENTATIONS = YES;
				CLANG_WARN_DIRECT_OBJC_ISA_USAGE = YES_ERROR;
				CLANG_WARN_DOCUMENTATION_COMMENTS = YES;
				CLANG_WARN_EMPTY_BODY = YES;
				CLANG_WARN_ENUM_CONVERSION = YES;
				CLANG_WARN_INFINITE_RECURSION = YES;
				CLANG_WARN_INT_CONVERSION = YES;
				CLANG_WARN_NON_LITERAL_NULL_CONVERSION = YES;
				CLANG_WARN_OBJC_IMPLICIT_RETAIN_SELF = YES;
				CLANG_WARN_OBJC_LITERAL_CONVERSION = YES;
				CLANG_WARN_OBJC_ROOT_CLASS = YES_ERROR;
				CLANG_WARN_RANGE_LOOP_ANALYSIS = YES;
				CLANG_WARN_STRICT_PROTOTYPES = YES;
				CLANG_WARN_SUSPICIOUS_MOVE = YES;
				CLANG_WARN_UNGUARDED_AVAILABILITY = YES_AGGRESSIVE;
				CLANG_WARN_UNREACHABLE_CODE = YES;
				CLANG_WARN__DUPLICATE_METHOD_MATCH = YES;
				CODE_SIGN_IDENTITY = "iPhone Developer";
				COPY_PHASE_STRIP = NO;
				DEBUG_INFORMATION_FORMAT = "dwarf-with-dsym";
				ENABLE_BITCODE = NO;
				ENABLE_NS_ASSERTIONS = NO;
				ENABLE_STRICT_OBJC_MSGSEND = YES;
				GCC_C_LANGUAGE_STANDARD = gnu11;
				GCC_NO_COMMON_BLOCKS = YES;
				GCC_WARN_64_TO_32_BIT_CONVERSION = YES;
				GCC_WARN_ABOUT_RETURN_TYPE = YES_ERROR;
				GCC_WARN_UNDECLARED_SELECTOR = YES;
				GCC_WARN_UNINITIALIZED_AUTOS = YES_AGGRESSIVE;
				GCC_WARN_UNUSED_FUNCTION = YES;
				GCC_WARN_UNUSED_VARIABLE = YES;
				IPHONEOS_DEPLOYMENT_TARGET = 11.4;
				MTL_ENABLE_DEBUG_INFO = NO;
				SDKROOT = iphoneos;
				SWIFT_COMPILATION_MODE = wholemodule;
				SWIFT_OPTIMIZATION_LEVEL = "-O";
				VALIDATE_PRODUCT = YES;
			};
			name = Release;
		};
		C7A65F5120EEFB6D00600261 /* Debug */ = {
			isa = XCBuildConfiguration;
			baseConfigurationReference = 85C8B9F7E67C966006399354 /* Pods-TesseractForCSV.debug.xcconfig */;
			buildSettings = {
				ASSETCATALOG_COMPILER_APPICON_NAME = AppIcon;
				CODE_SIGN_STYLE = Automatic;
				DEVELOPMENT_TEAM = V4AH655C9C;
				ENABLE_BITCODE = NO;
				INFOPLIST_FILE = TesseractForCSV/Info.plist;
				IPHONEOS_DEPLOYMENT_TARGET = 11.0;
				LD_RUNPATH_SEARCH_PATHS = (
					"$(inherited)",
					"@executable_path/Frameworks",
				);
				PRODUCT_BUNDLE_IDENTIFIER = BrianLi101.TesseractForCSV;
				PRODUCT_NAME = "$(TARGET_NAME)";
				SWIFT_VERSION = 4.0;
				TARGETED_DEVICE_FAMILY = "1,2";
			};
			name = Debug;
		};
		C7A65F5220EEFB6D00600261 /* Release */ = {
			isa = XCBuildConfiguration;
			baseConfigurationReference = D465BBD4C8C677E8D3F903F3 /* Pods-TesseractForCSV.release.xcconfig */;
			buildSettings = {
				ASSETCATALOG_COMPILER_APPICON_NAME = AppIcon;
				CODE_SIGN_STYLE = Automatic;
				DEVELOPMENT_TEAM = V4AH655C9C;
				ENABLE_BITCODE = NO;
				INFOPLIST_FILE = TesseractForCSV/Info.plist;
				IPHONEOS_DEPLOYMENT_TARGET = 11.0;
				LD_RUNPATH_SEARCH_PATHS = (
					"$(inherited)",
					"@executable_path/Frameworks",
				);
				PRODUCT_BUNDLE_IDENTIFIER = BrianLi101.TesseractForCSV;
				PRODUCT_NAME = "$(TARGET_NAME)";
				SWIFT_VERSION = 4.0;
				TARGETED_DEVICE_FAMILY = "1,2";
			};
			name = Release;
		};
		C7A65F5420EEFB6D00600261 /* Debug */ = {
			isa = XCBuildConfiguration;
			baseConfigurationReference = 1CA68C48DE7565200DC5A1DE /* Pods-TesseractForCSVTests.debug.xcconfig */;
			buildSettings = {
				ALWAYS_EMBED_SWIFT_STANDARD_LIBRARIES = YES;
				BUNDLE_LOADER = "$(TEST_HOST)";
				CODE_SIGN_STYLE = Automatic;
				INFOPLIST_FILE = TesseractForCSVTests/Info.plist;
				LD_RUNPATH_SEARCH_PATHS = (
					"$(inherited)",
					"@executable_path/Frameworks",
					"@loader_path/Frameworks",
				);
				PRODUCT_BUNDLE_IDENTIFIER = BrianLi101.TesseractForCSVTests;
				PRODUCT_NAME = "$(TARGET_NAME)";
				SWIFT_VERSION = 4.0;
				TARGETED_DEVICE_FAMILY = "1,2";
				TEST_HOST = "$(BUILT_PRODUCTS_DIR)/TesseractForCSV.app/TesseractForCSV";
			};
			name = Debug;
		};
		C7A65F5520EEFB6D00600261 /* Release */ = {
			isa = XCBuildConfiguration;
			baseConfigurationReference = DE66FD0A238F9D2595598AC4 /* Pods-TesseractForCSVTests.release.xcconfig */;
			buildSettings = {
				ALWAYS_EMBED_SWIFT_STANDARD_LIBRARIES = YES;
				BUNDLE_LOADER = "$(TEST_HOST)";
				CODE_SIGN_STYLE = Automatic;
				INFOPLIST_FILE = TesseractForCSVTests/Info.plist;
				LD_RUNPATH_SEARCH_PATHS = (
					"$(inherited)",
					"@executable_path/Frameworks",
					"@loader_path/Frameworks",
				);
				PRODUCT_BUNDLE_IDENTIFIER = BrianLi101.TesseractForCSVTests;
				PRODUCT_NAME = "$(TARGET_NAME)";
				SWIFT_VERSION = 4.0;
				TARGETED_DEVICE_FAMILY = "1,2";
				TEST_HOST = "$(BUILT_PRODUCTS_DIR)/TesseractForCSV.app/TesseractForCSV";
			};
			name = Release;
		};
		C7A65F5720EEFB6D00600261 /* Debug */ = {
			isa = XCBuildConfiguration;
			baseConfigurationReference = 05CDF2725ABC9A2CB0B50B4A /* Pods-TesseractForCSVUITests.debug.xcconfig */;
			buildSettings = {
				ALWAYS_EMBED_SWIFT_STANDARD_LIBRARIES = YES;
				CODE_SIGN_STYLE = Automatic;
				INFOPLIST_FILE = TesseractForCSVUITests/Info.plist;
				LD_RUNPATH_SEARCH_PATHS = (
					"$(inherited)",
					"@executable_path/Frameworks",
					"@loader_path/Frameworks",
				);
				PRODUCT_BUNDLE_IDENTIFIER = BrianLi101.TesseractForCSVUITests;
				PRODUCT_NAME = "$(TARGET_NAME)";
				SWIFT_VERSION = 4.0;
				TARGETED_DEVICE_FAMILY = "1,2";
				TEST_TARGET_NAME = TesseractForCSV;
			};
			name = Debug;
		};
		C7A65F5820EEFB6D00600261 /* Release */ = {
			isa = XCBuildConfiguration;
			baseConfigurationReference = CADC49CFB770BD4CFF95F45B /* Pods-TesseractForCSVUITests.release.xcconfig */;
			buildSettings = {
				ALWAYS_EMBED_SWIFT_STANDARD_LIBRARIES = YES;
				CODE_SIGN_STYLE = Automatic;
				INFOPLIST_FILE = TesseractForCSVUITests/Info.plist;
				LD_RUNPATH_SEARCH_PATHS = (
					"$(inherited)",
					"@executable_path/Frameworks",
					"@loader_path/Frameworks",
				);
				PRODUCT_BUNDLE_IDENTIFIER = BrianLi101.TesseractForCSVUITests;
				PRODUCT_NAME = "$(TARGET_NAME)";
				SWIFT_VERSION = 4.0;
				TARGETED_DEVICE_FAMILY = "1,2";
				TEST_TARGET_NAME = TesseractForCSV;
			};
			name = Release;
		};
/* End XCBuildConfiguration section */

/* Begin XCConfigurationList section */
		C7A65F2320EEFB6B00600261 /* Build configuration list for PBXProject "TesseractForCSV" */ = {
			isa = XCConfigurationList;
			buildConfigurations = (
				C7A65F4E20EEFB6D00600261 /* Debug */,
				C7A65F4F20EEFB6D00600261 /* Release */,
			);
			defaultConfigurationIsVisible = 0;
			defaultConfigurationName = Release;
		};
		C7A65F5020EEFB6D00600261 /* Build configuration list for PBXNativeTarget "TesseractForCSV" */ = {
			isa = XCConfigurationList;
			buildConfigurations = (
				C7A65F5120EEFB6D00600261 /* Debug */,
				C7A65F5220EEFB6D00600261 /* Release */,
			);
			defaultConfigurationIsVisible = 0;
			defaultConfigurationName = Release;
		};
		C7A65F5320EEFB6D00600261 /* Build configuration list for PBXNativeTarget "TesseractForCSVTests" */ = {
			isa = XCConfigurationList;
			buildConfigurations = (
				C7A65F5420EEFB6D00600261 /* Debug */,
				C7A65F5520EEFB6D00600261 /* Release */,
			);
			defaultConfigurationIsVisible = 0;
			defaultConfigurationName = Release;
		};
		C7A65F5620EEFB6D00600261 /* Build configuration list for PBXNativeTarget "TesseractForCSVUITests" */ = {
			isa = XCConfigurationList;
			buildConfigurations = (
				C7A65F5720EEFB6D00600261 /* Debug */,
				C7A65F5820EEFB6D00600261 /* Release */,
			);
			defaultConfigurationIsVisible = 0;
			defaultConfigurationName = Release;
		};
/* End XCConfigurationList section */
	};
	rootObject = C7A65F2020EEFB6B00600261 /* Project object */;
}
